
Microsoft Visual Studio Solution File, Format Version 12.00
# Visual Studio 14
VisualStudioVersion = 14.0.25123.0
MinimumVisualStudioVersion = 10.0.40219.1
Project("{D954291E-2A0B-460D-934E-DC6B0785DB48}") = "CrossChannel", "CrossChannel\CrossChannel.shproj", "{481174F3-6E30-4153-9055-66DBAC62FBDF}"
EndProject
Project("{FAE04EC0-301F-11D3-BF4B-00C04F79EFBC}") = "CrossChannel.Tests", "CrossChannel.Tests\CrossChannel.Tests.csproj", "{25CAD99A-1337-4365-A606-744EF249D191}"
EndProject
Project("{FAE04EC0-301F-11D3-BF4B-00C04F79EFBC}") = "CrossChannel.Net461", "CrossChannel.Net461\CrossChannel.Net461.csproj", "{9B86CE9D-B7BD-4E0B-896C-91C9D0BCA678}"
EndProject
Project("{FAE04EC0-301F-11D3-BF4B-00C04F79EFBC}") = "CrossChannel.Net46", "CrossChannel.Net46\CrossChannel.Net46.csproj", "{9D9B3B70-982B-4F2D-A783-2252D5799720}"
EndProject
Project("{FAE04EC0-301F-11D3-BF4B-00C04F79EFBC}") = "CrossChannel.Net45", "CrossChannel.Net45\CrossChannel.Net45.csproj", "{54DBF53B-A8B1-4A82-B036-05767B9B75C6}"
EndProject
Project("{FAE04EC0-301F-11D3-BF4B-00C04F79EFBC}") = "CrossChannel.Net40", "CrossChannel.Net40\CrossChannel.Net40.csproj", "{B49D9C4E-F1F2-463F-9635-B94B76311B0C}"
EndProject
Project("{FAE04EC0-301F-11D3-BF4B-00C04F79EFBC}") = "CrossChannel.Net35", "CrossChannel.Net35\CrossChannel.Net35.csproj", "{00A0E323-AF6F-4DF3-BAE5-BBD0F4E4EF59}"
EndProject
Global
	GlobalSection(SharedMSBuildProjectFiles) = preSolution
		CrossChannel\CrossChannel.projitems*{9b86ce9d-b7bd-4e0b-896c-91c9d0bca678}*SharedItemsImports = 4
		CrossChannel\CrossChannel.projitems*{54dbf53b-a8b1-4a82-b036-05767b9b75c6}*SharedItemsImports = 4
		CrossChannel\CrossChannel.projitems*{b49d9c4e-f1f2-463f-9635-b94b76311b0c}*SharedItemsImports = 4
		CrossChannel\CrossChannel.projitems*{00a0e323-af6f-4df3-bae5-bbd0f4e4ef59}*SharedItemsImports = 4
		CrossChannel\CrossChannel.projitems*{9d9b3b70-982b-4f2d-a783-2252d5799720}*SharedItemsImports = 4
		CrossChannel\CrossChannel.projitems*{481174f3-6e30-4153-9055-66dbac62fbdf}*SharedItemsImports = 13
	EndGlobalSection
	GlobalSection(SolutionConfigurationPlatforms) = preSolution
		Debug|Any CPU = Debug|Any CPU
		Release|Any CPU = Release|Any CPU
	EndGlobalSection
	GlobalSection(ProjectConfigurationPlatforms) = postSolution
		{25CAD99A-1337-4365-A606-744EF249D191}.Debug|Any CPU.ActiveCfg = Debug|Any CPU
		{25CAD99A-1337-4365-A606-744EF249D191}.Debug|Any CPU.Build.0 = Debug|Any CPU
		{25CAD99A-1337-4365-A606-744EF249D191}.Release|Any CPU.ActiveCfg = Release|Any CPU
		{25CAD99A-1337-4365-A606-744EF249D191}.Release|Any CPU.Build.0 = Release|Any CPU
		{9B86CE9D-B7BD-4E0B-896C-91C9D0BCA678}.Debug|Any CPU.ActiveCfg = Debug|Any CPU
		{9B86CE9D-B7BD-4E0B-896C-91C9D0BCA678}.Debug|Any CPU.Build.0 = Debug|Any CPU
		{9B86CE9D-B7BD-4E0B-896C-91C9D0BCA678}.Release|Any CPU.ActiveCfg = Release|Any CPU
		{9B86CE9D-B7BD-4E0B-896C-91C9D0BCA678}.Release|Any CPU.Build.0 = Release|Any CPU
		{9D9B3B70-982B-4F2D-A783-2252D5799720}.Debug|Any CPU.ActiveCfg = Debug|Any CPU
		{9D9B3B70-982B-4F2D-A783-2252D5799720}.Debug|Any CPU.Build.0 = Debug|Any CPU
		{9D9B3B70-982B-4F2D-A783-2252D5799720}.Release|Any CPU.ActiveCfg = Release|Any CPU
		{9D9B3B70-982B-4F2D-A783-2252D5799720}.Release|Any CPU.Build.0 = Release|Any CPU
		{54DBF53B-A8B1-4A82-B036-05767B9B75C6}.Debug|Any CPU.ActiveCfg = Debug|Any CPU
		{54DBF53B-A8B1-4A82-B036-05767B9B75C6}.Debug|Any CPU.Build.0 = Debug|Any CPU
		{54DBF53B-A8B1-4A82-B036-05767B9B75C6}.Release|Any CPU.ActiveCfg = Release|Any CPU
		{54DBF53B-A8B1-4A82-B036-05767B9B75C6}.Release|Any CPU.Build.0 = Release|Any CPU
		{B49D9C4E-F1F2-463F-9635-B94B76311B0C}.Debug|Any CPU.ActiveCfg = Debug|Any CPU
		{B49D9C4E-F1F2-463F-9635-B94B76311B0C}.Debug|Any CPU.Build.0 = Debug|Any CPU
		{B49D9C4E-F1F2-463F-9635-B94B76311B0C}.Release|Any CPU.ActiveCfg = Release|Any CPU
		{B49D9C4E-F1F2-463F-9635-B94B76311B0C}.Release|Any CPU.Build.0 = Release|Any CPU
		{00A0E323-AF6F-4DF3-BAE5-BBD0F4E4EF59}.Debug|Any CPU.ActiveCfg = Debug|Any CPU
		{00A0E323-AF6F-4DF3-BAE5-BBD0F4E4EF59}.Debug|Any CPU.Build.0 = Debug|Any CPU
		{00A0E323-AF6F-4DF3-BAE5-BBD0F4E4EF59}.Release|Any CPU.ActiveCfg = Release|Any CPU
		{00A0E323-AF6F-4DF3-BAE5-BBD0F4E4EF59}.Release|Any CPU.Build.0 = Release|Any CPU
	EndGlobalSection
	GlobalSection(SolutionProperties) = preSolution
		HideSolutionNode = FALSE
	EndGlobalSection
EndGlobal
